
Microsoft Visual Studio Solution File, Format Version 11.00
# Visual Studio 2010
# SharpDevelop 4.1.0.8000
Project("{2150E333-8FDC-42A3-9474-1A3956D46DE8}") = "Solution Items", "Solution Items", "{E7B553F1-0245-495B-B939-7605E41BC0E3}"
  ProjectSection(SolutionItems) = postProject
    folderstack\bin\Release\folder.ico = folderstack\bin\Release\folder.ico
  EndProjectSection
EndProject
Project("{F184B08F-C81C-45F6-A57F-5ABD9991F28F}") = "folderstack", "folderstack\folderstack.vbproj", "{1D5969D6-674E-4B08-9E8C-3066A1E3E8FF}"
EndProject
Global
  GlobalSection(SolutionConfigurationPlatforms) = preSolution
    Debug|x86 = Debug|x86
    Release|x86 = Release|x86
  EndGlobalSection
  GlobalSection(ProjectConfigurationPlatforms) = postSolution
    {1D5969D6-674E-4B08-9E8C-3066A1E3E8FF}.Debug|x86.Build.0 = Debug|x86
    {1D5969D6-674E-4B08-9E8C-3066A1E3E8FF}.Debug|x86.ActiveCfg = Debug|x86
    {1D5969D6-674E-4B08-9E8C-3066A1E3E8FF}.Release|x86.Build.0 = Release|x86
    {1D5969D6-674E-4B08-9E8C-3066A1E3E8FF}.Release|x86.ActiveCfg = Release|x86
  EndGlobalSection
EndGlobal
